("quicklisp" .
 (:class qlot/source/dist:source-dist
  :initargs (:distribution "https://beta.quicklisp.org/dist/quicklisp.txt" :%version :latest)
  :version "2026-01-01"))
("bordeaux-threads" .
 (:class qlot/source/ql:source-ql
  :initargs (:%version "2026-01-01")
  :version "ql-2024-10-12"))
("cl-base64" .
 (:class qlot/source/ql:source-ql
  :initargs (:%version "2026-01-01")
  :version "ql-2020-10-16"))
("cffi" .
 (:class qlot/source/ql:source-ql
  :initargs (:%version "2026-01-01")
  :version "ql-2026-01-01"))
("clingon" .
 (:class qlot/source/ql:source-ql
  :initargs (:%version "2026-01-01")
  :version "ql-2026-01-01"))
("closer-mop" .
 (:class qlot/source/ql:source-ql
  :initargs (:%version "2026-01-01")
  :version "ql-2026-01-01"))
("dexador" .
 (:class qlot/source/ql:source-ql
  :initargs (:%version "2026-01-01")
  :version "ql-2026-01-01"))
("fiveam" .
 (:class qlot/source/ql:source-ql
  :initargs (:%version "2026-01-01")
  :version "ql-2024-10-12"))
("ironclad" .
 (:class qlot/source/ql:source-ql
  :initargs (:%version "2026-01-01")
  :version "ql-2024-10-12"))
("nyaml" .
 (:class qlot/source/ql:source-ql
  :initargs (:%version "2026-01-01")
  :version "ql-2025-06-22"))
("opticl" .
 (:class qlot/source/ql:source-ql
  :initargs (:%version "2022-02-20")
  :version "ql-2022-02-20"))
("quri" .
 (:class qlot/source/ql:source-ql
  :initargs (:%version "2026-01-01")
  :version "ql-2026-01-01"))
("serapeum" .
 (:class qlot/source/ql:source-ql
  :initargs (:%version "2026-01-01")
  :version "ql-2026-01-01"))
("trivial-gray-streams" .
 (:class qlot/source/ql:source-ql
  :initargs (:%version "2026-01-01")
  :version "ql-2024-10-12"))
("winhttp" .
 (:class qlot/source/ql:source-ql
  :initargs (:%version "2026-01-01")
  :version "ql-2024-10-12"))
("yason" .
 (:class qlot/source/ql:source-ql
  :initargs (:%version "2026-01-01")
  :version "ql-2025-06-22"))
("agentcomms" .
 (:class qlot/source/git:source-git
  :initargs (:remote-url "https://github.com/lambda-symbolics/agentcomms.git" :ref "c56cdca0b067eda19ba86f868fbad009f5af4e15")
  :version "git-c56cdca0b067eda19ba86f868fbad009f5af4e15"))
("fetch-gist" .
 (:class qlot/source/git:source-git
  :initargs (:remote-url "https://github.com/lambda-symbolics/fetch-gist.git" :ref "0adb33b6801d1218ce6249d2a751b05f88b98c40")
  :version "git-0adb33b6801d1218ce6249d2a751b05f88b98c40"))
("cl-colorist" .
 (:class qlot/source/git:source-git
  :initargs (:remote-url "https://github.com/luciusmagn/cl-colorist.git" :ref "a70749493fbdbe79d6766f254a664119042102b9")
  :version "git-a70749493fbdbe79d6766f254a664119042102b9"))
("clinedi" .
 (:class qlot/source/git:source-git
  :initargs (:remote-url "https://github.com/lambda-symbolics/clinedi.git" :ref "1d4aec88d7df6a45b5d0bee058d6995eec585d7b")
  :version "git-1d4aec88d7df6a45b5d0bee058d6995eec585d7b"))
("cl-jobpond" .
 (:class qlot/source/git:source-git
  :initargs (:remote-url "https://github.com/luciusmagn/cl-jobpond.git" :ref "ee2e2eb0bd5080c52db55036f853c00671962178")
  :version "git-ee2e2eb0bd5080c52db55036f853c00671962178"))
("clinker-transcript" .
 (:class qlot/source/git:source-git
  :initargs (:remote-url "https://github.com/lambda-symbolics/clinker-transcript.git" :ref "08acbc1caaab2beaa0ea824507d722a117ec70b0")
  :version "git-08acbc1caaab2beaa0ea824507d722a117ec70b0"))
("cl-rfc8252" .
 (:class qlot/source/git:source-git
  :initargs (:remote-url "https://github.com/lambda-symbolics/cl-rfc8252.git" :ref "b9affbd04c12e2adac4a2403f60a3a2802f9ac45")
  :version "git-b9affbd04c12e2adac4a2403f60a3a2802f9ac45"))
("cl-rfc8628" .
 (:class qlot/source/git:source-git
  :initargs (:remote-url "https://github.com/lambda-symbolics/cl-rfc8628.git" :ref "dea112d1bf2750a52c52f33344157af7b9f4f6f8")
  :version "git-dea112d1bf2750a52c52f33344157af7b9f4f6f8"))
("cl-llm-provider-api" .
 (:class qlot/source/git:source-git
  :initargs (:remote-url "https://github.com/lambda-symbolics/cl-llm-provider-api.git" :ref "c3d26940afa5abddcea9187566ffce539a5eabc7")
  :version "git-c3d26940afa5abddcea9187566ffce539a5eabc7"))
("cl-lsp" .
 (:class qlot/source/git:source-git
  :initargs (:remote-url "https://github.com/lambda-symbolics/cl-lsp.git" :ref "9f459b8d3d41e6eeb82cae06159879cf7258701a")
  :version "git-9f459b8d3d41e6eeb82cae06159879cf7258701a"))
("cl-skills" .
 (:class qlot/source/git:source-git
  :initargs (:remote-url "https://github.com/lambda-symbolics/cl-skills.git" :ref "935e10dacfb37b5140bd23ea72144b9a336c1282")
  :version "git-935e10dacfb37b5140bd23ea72144b9a336c1282"))
("cl-termdown" .
 (:class qlot/source/git:source-git
  :initargs (:remote-url "https://github.com/lambda-symbolics/cl-termdown.git" :ref "681f4bcf636b15761119f5dc57691b1cdf1eb376")
  :version "git-681f4bcf636b15761119f5dc57691b1cdf1eb376"))
("cl-exec-sandbox" .
 (:class qlot/source/git:source-git
  :initargs (:remote-url "https://github.com/lambda-symbolics/cl-exec-sandbox.git" :ref "76478d0c0e78bbd4e374953af12a2188630d794d")
  :version "git-76478d0c0e78bbd4e374953af12a2188630d794d"))
("cl-hashline" .
 (:class qlot/source/git:source-git
  :initargs (:remote-url "https://github.com/lambda-symbolics/cl-hashline.git" :ref "9a989dc73bf46ff3f8e8c6921126612e2451a8a8")
  :version "git-9a989dc73bf46ff3f8e8c6921126612e2451a8a8"))
("clifff" .
 (:class qlot/source/git:source-git
  :initargs (:remote-url "https://github.com/luciusmagn/clifff.git" :ref "d73df079acf418e1a6b0b314442a6b1fea784e22")
  :version "git-d73df079acf418e1a6b0b314442a6b1fea784e22"))
("colorlisp" .
 (:class qlot/source/git:source-git
  :initargs (:remote-url "https://github.com/lambda-symbolics/colorlisp.git" :ref "2654ae0fa34aee42cff401693b5a80a86f0942c4")
  :version "git-2654ae0fa34aee42cff401693b5a80a86f0942c4"))
("colordiff" .
 (:class qlot/source/git:source-git
  :initargs (:remote-url "https://github.com/lambda-symbolics/colordiff.git" :ref "1e1e85af707690e100e1c140513e042387fecf22")
  :version "git-1e1e85af707690e100e1c140513e042387fecf22"))
("parenchek" .
 (:class qlot/source/git:source-git
  :initargs (:remote-url "https://github.com/lambda-symbolics/parenchek.git" :ref "60dcd4636cb7c18003f24a5e7192acba55979d6b")
  :version "git-60dcd4636cb7c18003f24a5e7192acba55979d6b"))
("org-templater" .
 (:class qlot/source/git:source-git
  :initargs (:remote-url "https://github.com/lambda-symbolics/org-templater.git" :ref "918d456528474e880014fe8377e4810e4a55e6a9")
  :version "git-918d456528474e880014fe8377e4810e4a55e6a9"))
("image-daemon" .
 (:class qlot/source/git:source-git
  :initargs (:remote-url "https://github.com/lambda-symbolics/image-daemon.git" :ref "4c9c78c98de110b540996f3580e22670504ac605")
  :version "git-4c9c78c98de110b540996f3580e22670504ac605"))
("ls-compat" .
 (:class qlot/source/git:source-git
  :initargs (:remote-url "https://github.com/lambda-symbolics/ls-compat.git" :ref "52c959f2bc00adc30f2970c2fd2226bd0c01730d")
  :version "git-52c959f2bc00adc30f2970c2fd2226bd0c01730d"))
("ls-flock" .
 (:class qlot/source/git:source-git
  :initargs (:remote-url "https://github.com/lambda-symbolics/ls-flock.git" :ref "0e3e0ada0f5b693cb3f32f46aefbb8dbebcc20f2")
  :version "git-0e3e0ada0f5b693cb3f32f46aefbb8dbebcc20f2"))
("idsmall" .
 (:class qlot/source/git:source-git
  :initargs (:remote-url "https://github.com/luciusmagn/idsmall.git" :ref "3f4b8e067a1e41b5388f7c5af58585e8c9ab51b9")
  :version "git-3f4b8e067a1e41b5388f7c5af58585e8c9ab51b9"))
("mcparen" .
 (:class qlot/source/git:source-git
  :initargs (:remote-url "https://github.com/lambda-symbolics/mcparen.git" :ref "03c47248988ebb7dd9aaa40a77d4ca5ac6e21889")
  :version "git-03c47248988ebb7dd9aaa40a77d4ca5ac6e21889"))
("sbcl-generations" .
 (:class qlot/source/git:source-git
  :initargs (:remote-url "https://github.com/lambda-symbolics/sbcl-generations.git" :ref "944b6f8b001508466eb2e15cc55ed11c235693fd")
  :version "git-944b6f8b001508466eb2e15cc55ed11c235693fd"))
("sexp-config" .
 (:class qlot/source/git:source-git
  :initargs (:remote-url "https://github.com/lambda-symbolics/sexp-config.git" :ref "09e0b86650d08d98c7624ec525d346a41b98323c")
  :version "git-09e0b86650d08d98c7624ec525d346a41b98323c"))
("sexp-store" .
 (:class qlot/source/git:source-git
  :initargs (:remote-url "https://github.com/lambda-symbolics/sexp-store.git" :ref "4d38e6544d87412d99acef9f097272df41359eff")
  :version "git-4d38e6544d87412d99acef9f097272df41359eff"))
("sophisticated-clipboard" .
 (:class qlot/source/git:source-git
  :initargs (:remote-url "https://github.com/lambda-symbolics/sophisticated-clipboard.git" :ref "756b65f4f8be18c786e2331de89708729df42bd4")
  :version "git-756b65f4f8be18c786e2331de89708729df42bd4"))
("sbcl-workers" .
 (:class qlot/source/git:source-git
  :initargs (:remote-url "https://github.com/lambda-symbolics/sbcl-workers.git" :ref "0e88ec7d8764ada4430b5fd728634ad1dd39530b")
  :version "git-0e88ec7d8764ada4430b5fd728634ad1dd39530b"))
("surgeon" .
 (:class qlot/source/git:source-git
  :initargs (:remote-url "https://github.com/lambda-symbolics/surgeon.git" :ref "347e3a48f931c6ba178d0582fb8a79bd22a4ea6f")
  :version "git-347e3a48f931c6ba178d0582fb8a79bd22a4ea6f"))
("structlisp" .
 (:class qlot/source/git:source-git
  :initargs (:remote-url "https://github.com/lambda-symbolics/structlisp.git" :ref "66bbfbe947b69f3105f71f5e4293637decc91746")
  :version "git-66bbfbe947b69f3105f71f5e4293637decc91746"))
("argo" .
 (:class qlot/source/git:source-git
  :initargs (:remote-url "https://github.com/lambda-symbolics/argo.git" :ref "3658b947372fb19ae07aca65a439b63b0685ae47")
  :version "git-3658b947372fb19ae07aca65a439b63b0685ae47"))
("setinka" .
 (:class qlot/source/git:source-git
  :initargs (:remote-url "https://github.com/lambda-symbolics/setinka.git" :ref "f896272b4bde04e09385a1f050604a4943525e74")
  :version "git-f896272b4bde04e09385a1f050604a4943525e74"))
("lambda-debugger" .
 (:class qlot/source/git:source-git
  :initargs (:remote-url "https://github.com/lambda-symbolics/lambda-debugger.git" :ref "713c4a64ad109eb4f511426c21ae422b18674c77")
  :version "git-713c4a64ad109eb4f511426c21ae422b18674c77"))
