("quicklisp" .
 (:class qlot/source/dist:source-dist
  :initargs (:distribution "https://beta.quicklisp.org/dist/quicklisp.txt" :%version :latest)
  :version "2026-01-01"))
("bordeaux-threads" .
 (:class qlot/source/ql:source-ql
  :initargs (:%version "2026-01-01")
  :version "ql-2024-10-12"))
("cl-base64" .
 (:class qlot/source/ql:source-ql
  :initargs (:%version "2026-01-01")
  :version "ql-2020-10-16"))
("cffi" .
 (:class qlot/source/ql:source-ql
  :initargs (:%version "2026-01-01")
  :version "ql-2026-01-01"))
("clingon" .
 (:class qlot/source/ql:source-ql
  :initargs (:%version "2026-01-01")
  :version "ql-2026-01-01"))
("closer-mop" .
 (:class qlot/source/ql:source-ql
  :initargs (:%version "2026-01-01")
  :version "ql-2026-01-01"))
("dexador" .
 (:class qlot/source/ql:source-ql
  :initargs (:%version "2026-01-01")
  :version "ql-2026-01-01"))
("fiveam" .
 (:class qlot/source/ql:source-ql
  :initargs (:%version "2026-01-01")
  :version "ql-2024-10-12"))
("ironclad" .
 (:class qlot/source/ql:source-ql
  :initargs (:%version "2026-01-01")
  :version "ql-2024-10-12"))
("nyaml" .
 (:class qlot/source/ql:source-ql
  :initargs (:%version "2026-01-01")
  :version "ql-2025-06-22"))
("opticl" .
 (:class qlot/source/ql:source-ql
  :initargs (:%version "2022-02-20")
  :version "ql-2022-02-20"))
("quri" .
 (:class qlot/source/ql:source-ql
  :initargs (:%version "2026-01-01")
  :version "ql-2026-01-01"))
("serapeum" .
 (:class qlot/source/ql:source-ql
  :initargs (:%version "2026-01-01")
  :version "ql-2026-01-01"))
("winhttp" .
 (:class qlot/source/ql:source-ql
  :initargs (:%version "2026-01-01")
  :version "ql-2024-10-12"))
("yason" .
 (:class qlot/source/ql:source-ql
  :initargs (:%version "2026-01-01")
  :version "ql-2025-06-22"))
("agentcomms" .
 (:class qlot/source/git:source-git
  :initargs (:remote-url "https://github.com/lambda-symbolics/agentcomms.git" :ref "c56cdca0b067eda19ba86f868fbad009f5af4e15")
  :version "git-c56cdca0b067eda19ba86f868fbad009f5af4e15"))
("fetch-gist" .
 (:class qlot/source/git:source-git
  :initargs (:remote-url "https://github.com/lambda-symbolics/fetch-gist.git" :ref "0adb33b6801d1218ce6249d2a751b05f88b98c40")
  :version "git-0adb33b6801d1218ce6249d2a751b05f88b98c40"))
("cl-colorist" .
 (:class qlot/source/git:source-git
  :initargs (:remote-url "https://github.com/luciusmagn/cl-colorist.git" :ref "a70749493fbdbe79d6766f254a664119042102b9")
  :version "git-a70749493fbdbe79d6766f254a664119042102b9"))
("clinedi" .
 (:class qlot/source/git:source-git
  :initargs (:remote-url "https://github.com/lambda-symbolics/clinedi.git" :ref "5c887440f2f831c901fbd99c043f268e2bad0223")
  :version "git-5c887440f2f831c901fbd99c043f268e2bad0223"))
("cl-jobpond" .
 (:class qlot/source/git:source-git
  :initargs (:remote-url "https://github.com/luciusmagn/cl-jobpond.git" :ref "ee2e2eb0bd5080c52db55036f853c00671962178")
  :version "git-ee2e2eb0bd5080c52db55036f853c00671962178"))
("clinker-transcript" .
 (:class qlot/source/git:source-git
  :initargs (:remote-url "https://github.com/lambda-symbolics/clinker-transcript.git" :ref "08acbc1caaab2beaa0ea824507d722a117ec70b0")
  :version "git-08acbc1caaab2beaa0ea824507d722a117ec70b0"))
("cl-rfc8628" .
 (:class qlot/source/git:source-git
  :initargs (:remote-url "https://github.com/lambda-symbolics/cl-rfc8628.git" :ref "dea112d1bf2750a52c52f33344157af7b9f4f6f8")
  :version "git-dea112d1bf2750a52c52f33344157af7b9f4f6f8"))
("cl-llm-provider-api" .
 (:class qlot/source/git:source-git
  :initargs (:remote-url "https://github.com/lambda-symbolics/cl-llm-provider-api.git" :ref "0784ef4d9f6644941f1e1dcaab453b6e60bd24f6")
  :version "git-0784ef4d9f6644941f1e1dcaab453b6e60bd24f6"))
("cl-lsp" .
 (:class qlot/source/git:source-git
  :initargs (:remote-url "https://github.com/lambda-symbolics/cl-lsp.git" :ref "5aa382d21564901457debaa194308ccea6cb35ec")
  :version "git-5aa382d21564901457debaa194308ccea6cb35ec"))
("cl-skills" .
 (:class qlot/source/git:source-git
  :initargs (:remote-url "https://github.com/lambda-symbolics/cl-skills.git" :ref "3c219ae44379a1891bbd8f374692763cae9215f8")
  :version "git-3c219ae44379a1891bbd8f374692763cae9215f8"))
("cl-termdown" .
 (:class qlot/source/git:source-git
  :initargs (:remote-url "https://github.com/lambda-symbolics/cl-termdown.git" :ref "314723383fcf2f5c05c5f35000fb1549c44058a2")
  :version "git-314723383fcf2f5c05c5f35000fb1549c44058a2"))
("cl-exec-sandbox" .
 (:class qlot/source/git:source-git
  :initargs (:remote-url "https://github.com/lambda-symbolics/cl-exec-sandbox.git" :ref "76478d0c0e78bbd4e374953af12a2188630d794d")
  :version "git-76478d0c0e78bbd4e374953af12a2188630d794d"))
("cl-hashline" .
 (:class qlot/source/git:source-git
  :initargs (:remote-url "https://github.com/lambda-symbolics/cl-hashline.git" :ref "9a989dc73bf46ff3f8e8c6921126612e2451a8a8")
  :version "git-9a989dc73bf46ff3f8e8c6921126612e2451a8a8"))
("clifff" .
 (:class qlot/source/git:source-git
  :initargs (:remote-url "https://github.com/luciusmagn/clifff.git" :ref "d73df079acf418e1a6b0b314442a6b1fea784e22")
  :version "git-d73df079acf418e1a6b0b314442a6b1fea784e22"))
("colorlisp" .
 (:class qlot/source/git:source-git
  :initargs (:remote-url "https://github.com/lambda-symbolics/colorlisp.git" :ref "2654ae0fa34aee42cff401693b5a80a86f0942c4")
  :version "git-2654ae0fa34aee42cff401693b5a80a86f0942c4"))
("colordiff" .
 (:class qlot/source/git:source-git
  :initargs (:remote-url "https://github.com/lambda-symbolics/colordiff.git" :ref "1e1e85af707690e100e1c140513e042387fecf22")
  :version "git-1e1e85af707690e100e1c140513e042387fecf22"))
("parenchek" .
 (:class qlot/source/git:source-git
  :initargs (:remote-url "https://github.com/lambda-symbolics/parenchek.git" :ref "60dcd4636cb7c18003f24a5e7192acba55979d6b")
  :version "git-60dcd4636cb7c18003f24a5e7192acba55979d6b"))
("org-templater" .
 (:class qlot/source/git:source-git
  :initargs (:remote-url "https://github.com/lambda-symbolics/org-templater.git" :ref "918d456528474e880014fe8377e4810e4a55e6a9")
  :version "git-918d456528474e880014fe8377e4810e4a55e6a9"))
("image-daemon" .
 (:class qlot/source/git:source-git
  :initargs (:remote-url "https://github.com/lambda-symbolics/image-daemon.git" :ref "fa0c6ae165a4f5f221a83a719581dba1a4d9516f")
  :version "git-fa0c6ae165a4f5f221a83a719581dba1a4d9516f"))
("ls-compat" .
 (:class qlot/source/git:source-git
  :initargs (:remote-url "https://github.com/lambda-symbolics/ls-compat.git" :ref "52c959f2bc00adc30f2970c2fd2226bd0c01730d")
  :version "git-52c959f2bc00adc30f2970c2fd2226bd0c01730d"))
("ls-flock" .
 (:class qlot/source/git:source-git
  :initargs (:remote-url "https://github.com/lambda-symbolics/ls-flock.git" :ref "0e3e0ada0f5b693cb3f32f46aefbb8dbebcc20f2")
  :version "git-0e3e0ada0f5b693cb3f32f46aefbb8dbebcc20f2"))
("idsmall" .
 (:class qlot/source/git:source-git
  :initargs (:remote-url "https://github.com/luciusmagn/idsmall.git" :ref "3f4b8e067a1e41b5388f7c5af58585e8c9ab51b9")
  :version "git-3f4b8e067a1e41b5388f7c5af58585e8c9ab51b9"))
("mcparen" .
 (:class qlot/source/git:source-git
  :initargs (:remote-url "https://github.com/lambda-symbolics/mcparen.git" :ref "e4af00d718a727229fce986c002c608b0a7c5353")
  :version "git-e4af00d718a727229fce986c002c608b0a7c5353"))
("sbcl-generations" .
 (:class qlot/source/git:source-git
  :initargs (:remote-url "https://github.com/lambda-symbolics/sbcl-generations.git" :ref "4cfe637597a90263c6259ad2d114053618312243")
  :version "git-4cfe637597a90263c6259ad2d114053618312243"))
("sexp-config" .
 (:class qlot/source/git:source-git
  :initargs (:remote-url "https://github.com/luciusmagn/sexp-config.git" :ref "408fa906e2d16aa515b39c943d3affcab3811ffc")
  :version "git-408fa906e2d16aa515b39c943d3affcab3811ffc"))
("sexp-store" .
 (:class qlot/source/git:source-git
  :initargs (:remote-url "https://github.com/lambda-symbolics/sexp-store.git" :ref "778ce8021071bb8ba4066eff9eb822499b8a48ec")
  :version "git-778ce8021071bb8ba4066eff9eb822499b8a48ec"))
("sophisticated-clipboard" .
 (:class qlot/source/git:source-git
  :initargs (:remote-url "https://github.com/luciusmagn/sophisticated-clipboard.git" :ref "f4fb761c233b8599d1f9f572281bced26c114e82")
  :version "git-f4fb761c233b8599d1f9f572281bced26c114e82"))
("sbcl-workers" .
 (:class qlot/source/git:source-git
  :initargs (:remote-url "https://github.com/lambda-symbolics/sbcl-workers.git" :ref "32743fe26bb529d3f64d1d2e2d3da57bb62b5c47")
  :version "git-32743fe26bb529d3f64d1d2e2d3da57bb62b5c47"))
("structlisp" .
 (:class qlot/source/git:source-git
  :initargs (:remote-url "https://github.com/lambda-symbolics/structlisp.git" :ref "66bbfbe947b69f3105f71f5e4293637decc91746")
  :version "git-66bbfbe947b69f3105f71f5e4293637decc91746"))
("argo" .
 (:class qlot/source/git:source-git
  :initargs (:remote-url "https://github.com/lambda-symbolics/argo.git" :ref "3658b947372fb19ae07aca65a439b63b0685ae47")
  :version "git-3658b947372fb19ae07aca65a439b63b0685ae47"))
("setinka" .
 (:class qlot/source/git:source-git
  :initargs (:remote-url "https://github.com/lambda-symbolics/setinka.git" :ref "f896272b4bde04e09385a1f050604a4943525e74")
  :version "git-f896272b4bde04e09385a1f050604a4943525e74"))
